lockfileVersion: '9.0'

settings:
  autoInstallPeers: true
  excludeLinksFromLockfile: false

importers:

  .:
    dependencies:
      '@deepseek-ai/dsh-atomic-write':
        specifier: 0.1.0-rc.8
        version: 0.1.0-rc.8(@deepseek-ai/cordis@4.0.1)(@deepseek-ai/dsh-invariants@0.1.0-rc.8(@deepseek-ai/cordis@4.0.1))
      '@deepseek-ai/schemastery':
        specifier: 3.18.1
        version: 3.18.1
    devDependencies:
      '@deepseek-ai/cordis':
        specifier: 4.0.1
        version: 4.0.1
      '@deepseek-ai/dsh-commands':
        specifier: 0.1.0-rc.8
        version: 0.1.0-rc.8(72bbe6fdb3741b872b5fbe4132676802)
      '@deepseek-ai/dsh-session':
        specifier: 0.1.0-rc.8
        version: 0.1.0-rc.8(fbdb1d988541b64ff002d18c4ded7293)
      '@deepseek-ai/dsh-skill':
        specifier: 0.1.0-rc.8
        version: 0.1.0-rc.8(@deepseek-ai/cordis@4.0.1)(@deepseek-ai/dsh-invariants@0.1.0-rc.8(@deepseek-ai/cordis@4.0.1))(@deepseek-ai/dsh-llm@0.1.0-rc.8(@deepseek-ai/cordis@4.0.1)(@deepseek-ai/dsh-attachment@0.1.0-rc.8(@deepseek-ai/cordis@4.0.1)(@deepseek-ai/dsh-brand@0.1.0-rc.8(@deepseek-ai/cordis@4.0.1)(@deepseek-ai/dsh-invariants@0.1.0-rc.8(@deepseek-ai/cordis@4.0.1)))(@deepseek-ai/dsh-invariants@0.1.0-rc.8(@deepseek-ai/cordis@4.0.1)))(@deepseek-ai/dsh-brand@0.1.0-rc.8(@deepseek-ai/cordis@4.0.1)(@deepseek-ai/dsh-invariants@0.1.0-rc.8(@deepseek-ai/cordis@4.0.1)))(@deepseek-ai/dsh-invariants@0.1.0-rc.8(@deepseek-ai/cordis@4.0.1))(@deepseek-ai/dsh-timeout@0.1.0-rc.8(@deepseek-ai/cordis@4.0.1)(@deepseek-ai/dsh-invariants@0.1.0-rc.8(@deepseek-ai/cordis@4.0.1))))(@deepseek-ai/dsh-scope@0.1.0-rc.8(@deepseek-ai/cordis@4.0.1)(@deepseek-ai/dsh-invariants@0.1.0-rc.8(@deepseek-ai/cordis@4.0.1)))
      '@deepseek-ai/dsh-skill-filesystem':
        specifier: 0.1.0-rc.8
        version: 0.1.0-rc.8(a42ffd4995e94690e65d9f749f336425)
      '@types/node':
        specifier: 26.2.0
        version: 26.2.0
      oxlint:
        specifier: 1.76.0
        version: 1.76.0
      typescript:
        specifier: 6.0.3
        version: 6.0.3

packages:

  '@deepseek-ai/cordis@4.0.1':
    resolution: {integrity: sha512-YBdskTU2Po1kru3GgcUWUbkTsPMA9LkSQDAY8rBkFJeajdgcQad3QPJZE26JyK99Xb6HaASvoXg2DSUTeN/0Nw==}
    hasBin: true
    peerDependencies:
      '@deepseek-ai/cordis-plugin-include': ^1.0.6
      '@deepseek-ai/cordis-plugin-loader': ^1.0.2
    peerDependenciesMeta:
      '@deepseek-ai/cordis-plugin-include':
        optional: true
      '@deepseek-ai/cordis-plugin-loader':
        optional: true

  '@deepseek-ai/cosmokit@1.8.2':
    resolution: {integrity: sha512-muBOKtSrUKU5m/xpq8ZXWL6hQ/jgd4PhU2PqH97bcxIiLEJfNwZOGQEx4t/aS/GgxRAR+ra9pMHPMtTHU4sqqA==}

  '@deepseek-ai/dsh-agent@0.1.0-rc.8':
    resolution: {integrity: sha512-fOl46ZvzoYHalrlyfOJAHNhzyKeVDTUnZZKNSJEr9GY/98WJTjcV21agVEofTXldkJ7a/ws2HpJkVNJVFMtslg==}
    peerDependencies:
      '@deepseek-ai/cordis': ^4.0.1
      '@deepseek-ai/dsh-invariants': ^0.1.0-rc.8
      '@deepseek-ai/dsh-llm': ^0.1.0-rc.8
      '@deepseek-ai/dsh-scope': ^0.1.0-rc.8
      '@deepseek-ai/dsh-session': ^0.1.0-rc.8
      '@deepseek-ai/dsh-system-prompt': ^0.1.0-rc.8
      '@deepseek-ai/dsh-typert-protocol': ^0.1.0-rc.8

  '@deepseek-ai/dsh-atomic-write@0.1.0-rc.8':
    resolution: {integrity: sha512-SWP+NAat3oteaPi47zLPz4vxeYCHNVmFpN1aeKDuPHpe/ouNTl+WcyIONAJ+1MbZ+8APWhSaJIVu6ORJEUhVGw==}
    peerDependencies:
      '@deepseek-ai/cordis': ^4.0.1
      '@deepseek-ai/dsh-invariants': ^0.1.0-rc.8

  '@deepseek-ai/dsh-attachment@0.1.0-rc.8':
    resolution: {integrity: sha512-cCrg4WWiav7pGtbdU8dJTpAG28cPnkWVB2YPOrlBCgBbhQziGcG9Dv67Ti6L3PI4OQKC55gYBFinQghFO/7FGg==}
    peerDependencies:
      '@deepseek-ai/cordis': ^4.0.1
      '@deepseek-ai/dsh-brand': ^0.1.0-rc.8
      '@deepseek-ai/dsh-invariants': ^0.1.0-rc.8

  '@deepseek-ai/dsh-brand@0.1.0-rc.8':
    resolution: {integrity: sha512-402aUAfHxIZJrArBV4gDf0I/A/69A/By26FX6HTIOyFmCnB4wUBKh8jnglz1CorKWdZy8AKldAhh8HQhQEbGOQ==}
    peerDependencies:
      '@deepseek-ai/cordis': ^4.0.1
      '@deepseek-ai/dsh-invariants': ^0.1.0-rc.8

  '@deepseek-ai/dsh-commands@0.1.0-rc.8':
    resolution: {integrity: sha512-/i99EDLrUyd4bUVn4d7XS46vg09ZE0ervbE/aQaVUWLjDYKrarb7hPx9slADAg5/cUlJsN6L6CP544h9qlUo4g==}
    peerDependencies:
      '@deepseek-ai/cordis': ^4.0.1
      '@deepseek-ai/dsh-agent': ^0.1.0-rc.8
      '@deepseek-ai/dsh-attachment': ^0.1.0-rc.8
      '@deepseek-ai/dsh-brand': ^0.1.0-rc.8
      '@deepseek-ai/dsh-invariants': ^0.1.0-rc.8
      '@deepseek-ai/dsh-llm': ^0.1.0-rc.8
      '@deepseek-ai/dsh-scope': ^0.1.0-rc.8
      '@deepseek-ai/dsh-session': ^0.1.0-rc.8
      '@deepseek-ai/dsh-typert-protocol': ^0.1.0-rc.8

  '@deepseek-ai/dsh-fs@0.1.0-rc.8':
    resolution: {integrity: sha512-ge5GW56+z20vYACQ2jqtevusdgMXa64laeU/Chql+VIA3+6xyJ8gLX+oj/1O5TlzhvmZ7ZPfZGBFBEVsEZzTQw==}
    peerDependencies:
      '@deepseek-ai/cordis': ^4.0.1
      '@deepseek-ai/dsh-brand': ^0.1.0-rc.8
      '@deepseek-ai/dsh-invariants': ^0.1.0-rc.8
      '@deepseek-ai/dsh-llm': ^0.1.0-rc.8
      '@deepseek-ai/dsh-sandbox': ^0.1.0-rc.8

  '@deepseek-ai/dsh-home-paths@0.1.0-rc.8':
    resolution: {integrity: sha512-9cQhH9CZsw7Zi73VnZk7CcuEVA6yR/Ox+7lp3VHq53fFYSPi0RL+kMWmh5XCrZB4U1OM3+PVsWsA5II9tB+t0Q==}
    peerDependencies:
      '@deepseek-ai/cordis': ^4.0.1
      '@deepseek-ai/dsh-invariants': ^0.1.0-rc.8

  '@deepseek-ai/dsh-invariants@0.1.0-rc.8':
    resolution: {integrity: sha512-u0lYqyxOYwfsVnbsfGXZos5vFvA4cqFnBEW3/ezgljNwkYwzeUP/Y5wjPnQjP+ZzBn3CnVeIF6s2N2Vk3iA5mQ==}
    peerDependencies:
      '@deepseek-ai/cordis': ^4.0.1

  '@deepseek-ai/dsh-llm@0.1.0-rc.8':
    resolution: {integrity: sha512-hf6RmX2Stn1UtzpktSHQLkIktQkBm9i/3yFfJlbGSkwyw5Cv9sTYJbyoHzsSnnh6i8nRRcMcBhvMgm23I00oIw==}
    peerDependencies:
      '@deepseek-ai/cordis': ^4.0.1
      '@deepseek-ai/dsh-attachment': ^0.1.0-rc.8
      '@deepseek-ai/dsh-brand': ^0.1.0-rc.8
      '@deepseek-ai/dsh-invariants': ^0.1.0-rc.8
      '@deepseek-ai/dsh-timeout': ^0.1.0-rc.8

  '@deepseek-ai/dsh-sandbox@0.1.0-rc.8':
    resolution: {integrity: sha512-dJpy5p/KjKkHG9AnMKU4+/ilj/4DCglsq3kof/jhIwtsZJCix07TEXP9vV8LCv4fU8af7cK3antXw4eVMqkwuQ==}
    peerDependencies:
      '@deepseek-ai/cordis': ^4.0.1
      '@deepseek-ai/dsh-invariants': ^0.1.0-rc.8
      '@deepseek-ai/dsh-llm': ^0.1.0-rc.8
      '@deepseek-ai/dsh-session': ^0.1.0-rc.8

  '@deepseek-ai/dsh-scope@0.1.0-rc.8':
    resolution: {integrity: sha512-/o+PxkVV2zUy9lYlMFr4TWSb+ESW4DE+fI891yIbsLzOJdFgfbmmLpGrlWgnz8/unIGJZxjeXdwyppV04Z277Q==}
    peerDependencies:
      '@deepseek-ai/cordis': ^4.0.1
      '@deepseek-ai/dsh-invariants': ^0.1.0-rc.8

  '@deepseek-ai/dsh-session@0.1.0-rc.8':
    resolution: {integrity: sha512-Qs5Mgn32WPPVB4rKHjsZBgLOkh0TQurUAcc9GaDVudK4dUkpno2HDh++qu/PrwRA3CZ/iwPAoFHCpB3AMMaoLg==}
    peerDependencies:
      '@deepseek-ai/cordis': ^4.0.1
      '@deepseek-ai/dsh-brand': ^0.1.0-rc.8
      '@deepseek-ai/dsh-invariants': ^0.1.0-rc.8
      '@deepseek-ai/dsh-llm': ^0.1.0-rc.8
      '@deepseek-ai/dsh-scope': ^0.1.0-rc.8
      '@deepseek-ai/dsh-typert-protocol': ^0.1.0-rc.8

  '@deepseek-ai/dsh-skill-filesystem@0.1.0-rc.8':
    resolution: {integrity: sha512-A87t/1+wxPiMkUXWVdf4DfgxA8rp1eLmStMvzfdthR/WxtGPzuEv2L5oyNDzKiCBwIcxBN6Fy2THNa2Xba2kQQ==}
    peerDependencies:
      '@deepseek-ai/cordis': ^4.0.1
      '@deepseek-ai/dsh-fs': ^0.1.0-rc.8
      '@deepseek-ai/dsh-home-paths': ^0.1.0-rc.8
      '@deepseek-ai/dsh-invariants': ^0.1.0-rc.8
      '@deepseek-ai/dsh-skill': ^0.1.0-rc.8

  '@deepseek-ai/dsh-skill@0.1.0-rc.8':
    resolution: {integrity: sha512-MqcOzl4Y5pQEvFBNVAi5w0IZWH5kVbXmp1RYScrl+8HpVATZbgumDhztVnEc2kUrZu+o6LKb1hnbunK6JHUE5g==}
    peerDependencies:
      '@deepseek-ai/cordis': ^4.0.1
      '@deepseek-ai/dsh-invariants': ^0.1.0-rc.8
      '@deepseek-ai/dsh-llm': ^0.1.0-rc.8
      '@deepseek-ai/dsh-scope': ^0.1.0-rc.8

  '@deepseek-ai/dsh-system-prompt@0.1.0-rc.8':
    resolution: {integrity: sha512-yk8Z85rzX2EwpKNWA5i+K3I3mqsIIUc9niwbDpXO8vlHvpC2qR3RNHjJIJN2EZYDqfSzTVtkbxHFsuMzDXIbew==}
    peerDependencies:
      '@deepseek-ai/cordis': ^4.0.1
      '@deepseek-ai/dsh-invariants': ^0.1.0-rc.8
      '@deepseek-ai/dsh-llm': ^0.1.0-rc.8
      '@deepseek-ai/dsh-scope': ^0.1.0-rc.8

  '@deepseek-ai/dsh-timeout@0.1.0-rc.8':
    resolution: {integrity: sha512-RwOC/qHribE6b+LStAO7aAgweefLE5sqDO7Uz6/mnTDyJxCt7HNQnE/Op8sAvRa33d752aUkPfO9S0mgzVAoFQ==}
    peerDependencies:
      '@deepseek-ai/cordis': ^4.0.1
      '@deepseek-ai/dsh-invariants': ^0.1.0-rc.8

  '@deepseek-ai/dsh-typert-protocol@0.1.0-rc.8':
    resolution: {integrity: sha512-scwEAefRBL7gRpaXiEdiHRMvlr8dLmUbiEvy0LOAX/8X3FZBd/5tHQ/8lCppAQNTDZMI/LSiSMpu5XrFId+7cQ==}
    peerDependencies:
      '@deepseek-ai/cordis': ^4.0.1
      '@deepseek-ai/dsh-invariants': ^0.1.0-rc.8

  '@deepseek-ai/schemastery@3.18.1':
    resolution: {integrity: sha512-Qn0FCSwCQnpnj6SB31I6i2sIKgKWnkbJM8O0EU91Gv2UsYVvtZTl6IA0sCwk2e2MZf5S8w5hpq9QkeVvK9qwxg==}

  '@oxlint/binding-android-arm-eabi@1.76.0':
    resolution: {integrity: sha512-ZHIE5Zt9AsPDcY4nOlofXt0YfneEeo+QrKMPcPzLf2Z6Q8VtV2W73d7SFJ920WUwyik783u/doKCs3KXdwG+7w==}
    engines: {node: ^20.19.0 || >=22.12.0}
    cpu: [arm]
    os: [android]

  '@oxlint/binding-android-arm64@1.76.0':
    resolution: {integrity: sha512-shm/ngQilHK6bs+ElJWa4oHfNj5vL1Gl/iVEJldTQjpr0/67oSgr0KUpbmcnLig5Fo0v/l6j2567A7TOL89ONA==}
    engines: {node: ^20.19.0 || >=22.12.0}
    cpu: [arm64]
    os: [android]

  '@oxlint/binding-darwin-arm64@1.76.0':
    resolution: {integrity: sha512-rvJmrAPKSQ9aWJ6wIS6CK2tJjwzfW0ApQH9qokq6sfDvmHwoyIHxHFMq7z7i7GiV6fdE6s8qvBqWKPTu8RmT6Q==}
    engines: {node: ^20.19.0 || >=22.12.0}
    cpu: [arm64]
    os: [darwin]

  '@oxlint/binding-darwin-x64@1.76.0':
    resolution: {integrity: sha512-U/zYdb7VYKGY6pA9Vd2rYl9O/HlCylcOlb5PGPvVLtg+oLGsk6H3XGKEMHKyqD3nmmtmlmwb/8SwU2vfSAtvMw==}
    engines: {node: ^20.19.0 || >=22.12.0}
    cpu: [x64]
    os: [darwin]

  '@oxlint/binding-freebsd-x64@1.76.0':
    resolution: {integrity: sha512-WvKG9CAriuo0XNiFzpXjDngUZcRGFNpaK2kLyMUsnJlShxkT96u+BpJQ3KqdQwGOrvI14L6V8bAwXwAYNNY6Jg==}
    engines: {node: ^20.19.0 || >=22.12.0}
    cpu: [x64]
    os: [freebsd]

  '@oxlint/binding-linux-arm-gnueabihf@1.76.0':
    resolution: {integrity: sha512-qJ5+RH99TqFRq3UCDxkW0zJJu9c+OAHFY72vGlxZLEpuO+MpKo3POgqb8sYipL9KYm8XY6ofb0HsOuvY6hQNqQ==}
    engines: {node: ^20.19.0 || >=22.12.0}
    cpu: [arm]
    os: [linux]

  '@oxlint/binding-linux-arm-musleabihf@1.76.0':
    resolution: {integrity: sha512-PvPCVptkgVARsucgIqFQQcSmJ6xc6GtnVB5bRBekRahTc9eObMtjHfMjy5M+C2tHt5UCMttWM9RuSk/H9NqYeg==}
    engines: {node: ^20.19.0 || >=22.12.0}
    cpu: [arm]
    os: [linux]

  '@oxlint/binding-linux-arm64-gnu@1.76.0':
    resolution: {integrity: sha512-3KeFDx8Bu4HPAXbuHZOr/oHvN+QT+JQhMw/NYPz7Z071xLSsG27Jfh9PIQVEY7hk1I+jr43ExqRIeJ6VKk2yLw==}
    engines: {node: ^20.19.0 || >=22.12.0}
    cpu: [arm64]
    os: [linux]
    libc: [glibc]

  '@oxlint/binding-linux-arm64-musl@1.76.0':
    resolution: {integrity: sha512-oPFkkKTgl0K/EIg9fQ8oA3IGcI05/Mq1en04iFa41mmNPT+6KEiByVazTOZZJiHMBBrbsns1YJ2e1Scqwzesjw==}
    engines: {node: ^20.19.0 || >=22.12.0}
    cpu: [arm64]
    os: [linux]
    libc: [musl]

  '@oxlint/binding-linux-ppc64-gnu@1.76.0':
    resolution: {integrity: sha512-gN7yZ0eqflA5Fhf1wvHxGUltIV3FsvmB1zhNMDEK9vSHhc7E6qg9CuPeBgPZab66Tjzq6w6kHAtNEvnTHf4cyw==}
    engines: {node: ^20.19.0 || >=22.12.0}
    cpu: [ppc64]
    os: [linux]
    libc: [glibc]

  '@oxlint/binding-linux-riscv64-gnu@1.76.0':
    resolution: {integrity: sha512-S/HqMbn22mQrjtErUxEoS/a55u8kIeXvreIxiJu5G7Le3UecEd6SQZxrDIpuhtgaFnsY/nVra3ytP+pRljDilA==}
    engines: {node: ^20.19.0 || >=22.12.0}
    cpu: [riscv64]
    os: [linux]
    libc: [glibc]

  '@oxlint/binding-linux-riscv64-musl@1.76.0':
    resolution: {integrity: sha512-ZIga3097VJZolGZk6SrIAUokIGfRkxRlhiHDUznZptGBfwrhD7pNfD1rzEzsCwvk/1DX0A1bLz+liuNh5QKIVQ==}
    engines: {node: ^20.19.0 || >=22.12.0}
    cpu: [riscv64]
    os: [linux]
    libc: [musl]

  '@oxlint/binding-linux-s390x-gnu@1.76.0':
    resolution: {integrity: sha512-ZGiiA7pFzMJSyMWYZTVlPgbTsx+Vl8ihLGMIujPwaslUF7kIPPWAbVmAlTc+9lWDV+DCiB8Ikixu+lSHeOIIWQ==}
    engines: {node: ^20.19.0 || >=22.12.0}
    cpu: [s390x]
    os: [linux]
    libc: [glibc]

  '@oxlint/binding-linux-x64-gnu@1.76.0':
    resolution: {integrity: sha512-JLiy5WuvEBFTT6ErIFV35SLzi0R7Iri6MKU6dZbTxfIx8pndbbPs3Mj780nMipBFcPkti+okAPOJ9POKkHFEgg==}
    engines: {node: ^20.19.0 || >=22.12.0}
    cpu: [x64]
    os: [linux]
    libc: [glibc]

  '@oxlint/binding-linux-x64-musl@1.76.0':
    resolution: {integrity: sha512-z7lgKQtbo/I1NIe8G5NHLesxJDv0tRSUWTpXKb9Pm3E9nKFKfO4IOSDtFroKgXtOYb0jQbcdH+0wzTyMXVes+A==}
    engines: {node: ^20.19.0 || >=22.12.0}
    cpu: [x64]
    os: [linux]
    libc: [musl]

  '@oxlint/binding-openharmony-arm64@1.76.0':
    resolution: {integrity: sha512-JOjKymIpb9QcYfEhZsN6h4V9Ivd474W38cNIBRv6bg2TbIvogbMTH0Mg6YWW9TiRDqfcX+/Hyfsbo5vcSE5guQ==}
    engines: {node: ^20.19.0 || >=22.12.0}
    cpu: [arm64]
    os: [openharmony]

  '@oxlint/binding-win32-arm64-msvc@1.76.0':
    resolution: {integrity: sha512-pqDWZiwcmByWUEm1NFUBNiT6aentCcaoMWJv0HbXEmuYermJ4sg8ppVrshubYP2MZ6SHccJJcpr6x469PuDFIw==}
    engines: {node: ^20.19.0 || >=22.12.0}
    cpu: [arm64]
    os: [win32]

  '@oxlint/binding-win32-ia32-msvc@1.76.0':
    resolution: {integrity: sha512-Ba0O659kgMv6pwO3z9PdO+K3aMxQRaw9HnG+e6AtOfgwcKFvYilciQYBoUBmxfQvOCKZe1SwjMkuB542NkuDMQ==}
    engines: {node: ^20.19.0 || >=22.12.0}
    cpu: [ia32]
    os: [win32]

  '@oxlint/binding-win32-x64-msvc@1.76.0':
    resolution: {integrity: sha512-5qcirPHO8nKfkoowEVWtpAoVTcYDy6g0UT0NGic450Qv8J2NrOqg4uQ8QppRP4MDTC7Xx47lbZnmadTH03CGGA==}
    engines: {node: ^20.19.0 || >=22.12.0}
    cpu: [x64]
    os: [win32]

  '@standard-schema/spec@1.1.0':
    resolution: {integrity: sha512-l2aFy5jALhniG5HgqrD6jXLi/rUWrKvqN/qJx6yoJsgKhblVd+iqqU4RCXavm/jPityDo5TCvKMnpjKnOriy0w==}

  '@types/node@26.2.0':
    resolution: {integrity: sha512-5IviulTZeRNp2vAJ514cc/HUlY5nZ9fCbq9DMyC52BrhFZACo3nI0R7qBxhQmo/d27NFe96ur/b7Wwxklda+kg==}

  chokidar@5.0.0:
    resolution: {integrity: sha512-TQMmc3w+5AxjpL8iIiwebF73dRDF4fBIieAqGn9RGCWaEVwQ6Fb2cGe31Yns0RRIzii5goJ1Y7xbMwo1TxMplw==}
    engines: {node: '>= 20.19.0'}

  oxlint@1.76.0:
    resolution: {integrity: sha512-6QoFioEU4fNdiUx/2Eo6TRd6NG7H7njnRCz8rhB66cZmMHDTqcm1Rjvl8Wry+ZTQMBAmyb4Mlf62Mk5X+eHSOw==}
    engines: {node: ^20.19.0 || >=22.12.0}
    hasBin: true
    peerDependencies:
      oxlint-tsgolint: '>=7.0.2001'
      vite-plus: '*'
    peerDependenciesMeta:
      oxlint-tsgolint:
        optional: true
      vite-plus:
        optional: true

  readdirp@5.1.1:
    resolution: {integrity: sha512-Kko+Y5XQ6fM+Ce3dq3m9YGxnacYZYl9cA1wZjaF3Vbry2L3i1qVg8+CAgNPsXRArPMUMCaOR7oa9Nqntc43JKA==}
    engines: {node: '>= 20.19.0'}

  typescript@6.0.3:
    resolution: {integrity: sha512-y2TvuxSZPDyQakkFRPZHKFm+KKVqIisdg9/CZwm9ftvKXLP8NRWj38/ODjNbr43SsoXqNuAisEf1GdCxqWcdBw==}
    engines: {node: '>=14.17'}
    hasBin: true

  undici-types@8.3.0:
    resolution: {integrity: sha512-j375ScV60dom+YkPFIfTLcOiPxkN/buHz5GobjLhixFuANaNs3C9l4GmrWqejgXWJ7BbJcFYpTEUkS1Ge8bpZQ==}

  yaml@2.9.0:
    resolution: {integrity: sha512-2AvhNX3mb8zd6Zy7INTtSpl1F15HW6Wnqj0srWlkKLcpYl/gMIMJiyuGq2KeI2YFxUPjdlB+3Lc10seMLtL4cA==}
    engines: {node: '>= 14.6'}
    hasBin: true

  zod@4.4.3:
    resolution: {integrity: sha512-ytENFjIJFl2UwYglde2jchW2Hwm4GJFLDiSXWdTrJQBIN9Fcyp7n4DhxJEiWNAJMV1/BqWfW/kkg71UDcHJyTQ==}

snapshots:

  '@deepseek-ai/cordis@4.0.1':
    dependencies:
      '@deepseek-ai/cosmokit': 1.8.2
      '@standard-schema/spec': 1.1.0

  '@deepseek-ai/cosmokit@1.8.2': {}

  '@deepseek-ai/dsh-agent@0.1.0-rc.8(92f269661ea5e195fab72177f1a12db7)':
    dependencies:
      '@deepseek-ai/cordis': 4.0.1
      '@deepseek-ai/dsh-invariants': 0.1.0-rc.8(@deepseek-ai/cordis@4.0.1)
      '@deepseek-ai/dsh-llm': 0.1.0-rc.8(@deepseek-ai/cordis@4.0.1)(@deepseek-ai/dsh-attachment@0.1.0-rc.8(@deepseek-ai/cordis@4.0.1)(@deepseek-ai/dsh-brand@0.1.0-rc.8(@deepseek-ai/cordis@4.0.1)(@deepseek-ai/dsh-invariants@0.1.0-rc.8(@deepseek-ai/cordis@4.0.1)))(@deepseek-ai/dsh-invariants@0.1.0-rc.8(@deepseek-ai/cordis@4.0.1)))(@deepseek-ai/dsh-brand@0.1.0-rc.8(@deepseek-ai/cordis@4.0.1)(@deepseek-ai/dsh-invariants@0.1.0-rc.8(@deepseek-ai/cordis@4.0.1)))(@deepseek-ai/dsh-invariants@0.1.0-rc.8(@deepseek-ai/cordis@4.0.1))(@deepseek-ai/dsh-timeout@0.1.0-rc.8(@deepseek-ai/cordis@4.0.1)(@deepseek-ai/dsh-invariants@0.1.0-rc.8(@deepseek-ai/cordis@4.0.1)))
      '@deepseek-ai/dsh-scope': 0.1.0-rc.8(@deepseek-ai/cordis@4.0.1)(@deepseek-ai/dsh-invariants@0.1.0-rc.8(@deepseek-ai/cordis@4.0.1))
      '@deepseek-ai/dsh-session': 0.1.0-rc.8(fbdb1d988541b64ff002d18c4ded7293)
      '@deepseek-ai/dsh-system-prompt': 0.1.0-rc.8(@deepseek-ai/cordis@4.0.1)(@deepseek-ai/dsh-invariants@0.1.0-rc.8(@deepseek-ai/cordis@4.0.1))(@deepseek-ai/dsh-llm@0.1.0-rc.8(@deepseek-ai/cordis@4.0.1)(@deepseek-ai/dsh-attachment@0.1.0-rc.8(@deepseek-ai/cordis@4.0.1)(@deepseek-ai/dsh-brand@0.1.0-rc.8(@deepseek-ai/cordis@4.0.1)(@deepseek-ai/dsh-invariants@0.1.0-rc.8(@deepseek-ai/cordis@4.0.1)))(@deepseek-ai/dsh-invariants@0.1.0-rc.8(@deepseek-ai/cordis@4.0.1)))(@deepseek-ai/dsh-brand@0.1.0-rc.8(@deepseek-ai/cordis@4.0.1)(@deepseek-ai/dsh-invariants@0.1.0-rc.8(@deepseek-ai/cordis@4.0.1)))(@deepseek-ai/dsh-invariants@0.1.0-rc.8(@deepseek-ai/cordis@4.0.1))(@deepseek-ai/dsh-timeout@0.1.0-rc.8(@deepseek-ai/cordis@4.0.1)(@deepseek-ai/dsh-invariants@0.1.0-rc.8(@deepseek-ai/cordis@4.0.1))))(@deepseek-ai/dsh-scope@0.1.0-rc.8(@deepseek-ai/cordis@4.0.1)(@deepseek-ai/dsh-invariants@0.1.0-rc.8(@deepseek-ai/cordis@4.0.1)))
      '@deepseek-ai/dsh-typert-protocol': 0.1.0-rc.8(@deepseek-ai/cordis@4.0.1)(@deepseek-ai/dsh-invariants@0.1.0-rc.8(@deepseek-ai/cordis@4.0.1))

  '@deepseek-ai/dsh-atomic-write@0.1.0-rc.8(@deepseek-ai/cordis@4.0.1)(@deepseek-ai/dsh-invariants@0.1.0-rc.8(@deepseek-ai/cordis@4.0.1))':
    dependencies:
      '@deepseek-ai/cordis': 4.0.1
      '@deepseek-ai/dsh-invariants': 0.1.0-rc.8(@deepseek-ai/cordis@4.0.1)

  '@deepseek-ai/dsh-attachment@0.1.0-rc.8(@deepseek-ai/cordis@4.0.1)(@deepseek-ai/dsh-brand@0.1.0-rc.8(@deepseek-ai/cordis@4.0.1)(@deepseek-ai/dsh-invariants@0.1.0-rc.8(@deepseek-ai/cordis@4.0.1)))(@deepseek-ai/dsh-invariants@0.1.0-rc.8(@deepseek-ai/cordis@4.0.1))':
    dependencies:
      '@deepseek-ai/cordis': 4.0.1
      '@deepseek-ai/dsh-brand': 0.1.0-rc.8(@deepseek-ai/cordis@4.0.1)(@deepseek-ai/dsh-invariants@0.1.0-rc.8(@deepseek-ai/cordis@4.0.1))
      '@deepseek-ai/dsh-invariants': 0.1.0-rc.8(@deepseek-ai/cordis@4.0.1)

  '@deepseek-ai/dsh-brand@0.1.0-rc.8(@deepseek-ai/cordis@4.0.1)(@deepseek-ai/dsh-invariants@0.1.0-rc.8(@deepseek-ai/cordis@4.0.1))':
    dependencies:
      '@deepseek-ai/cordis': 4.0.1
      '@deepseek-ai/dsh-invariants': 0.1.0-rc.8(@deepseek-ai/cordis@4.0.1)

  '@deepseek-ai/dsh-commands@0.1.0-rc.8(72bbe6fdb3741b872b5fbe4132676802)':
    dependencies:
      '@deepseek-ai/cordis': 4.0.1
      '@deepseek-ai/dsh-agent': 0.1.0-rc.8(92f269661ea5e195fab72177f1a12db7)
      '@deepseek-ai/dsh-attachment': 0.1.0-rc.8(@deepseek-ai/cordis@4.0.1)(@deepseek-ai/dsh-brand@0.1.0-rc.8(@deepseek-ai/cordis@4.0.1)(@deepseek-ai/dsh-invariants@0.1.0-rc.8(@deepseek-ai/cordis@4.0.1)))(@deepseek-ai/dsh-invariants@0.1.0-rc.8(@deepseek-ai/cordis@4.0.1))
      '@deepseek-ai/dsh-brand': 0.1.0-rc.8(@deepseek-ai/cordis@4.0.1)(@deepseek-ai/dsh-invariants@0.1.0-rc.8(@deepseek-ai/cordis@4.0.1))
      '@deepseek-ai/dsh-invariants': 0.1.0-rc.8(@deepseek-ai/cordis@4.0.1)
      '@deepseek-ai/dsh-llm': 0.1.0-rc.8(@deepseek-ai/cordis@4.0.1)(@deepseek-ai/dsh-attachment@0.1.0-rc.8(@deepseek-ai/cordis@4.0.1)(@deepseek-ai/dsh-brand@0.1.0-rc.8(@deepseek-ai/cordis@4.0.1)(@deepseek-ai/dsh-invariants@0.1.0-rc.8(@deepseek-ai/cordis@4.0.1)))(@deepseek-ai/dsh-invariants@0.1.0-rc.8(@deepseek-ai/cordis@4.0.1)))(@deepseek-ai/dsh-brand@0.1.0-rc.8(@deepseek-ai/cordis@4.0.1)(@deepseek-ai/dsh-invariants@0.1.0-rc.8(@deepseek-ai/cordis@4.0.1)))(@deepseek-ai/dsh-invariants@0.1.0-rc.8(@deepseek-ai/cordis@4.0.1))(@deepseek-ai/dsh-timeout@0.1.0-rc.8(@deepseek-ai/cordis@4.0.1)(@deepseek-ai/dsh-invariants@0.1.0-rc.8(@deepseek-ai/cordis@4.0.1)))
      '@deepseek-ai/dsh-scope': 0.1.0-rc.8(@deepseek-ai/cordis@4.0.1)(@deepseek-ai/dsh-invariants@0.1.0-rc.8(@deepseek-ai/cordis@4.0.1))
      '@deepseek-ai/dsh-session': 0.1.0-rc.8(fbdb1d988541b64ff002d18c4ded7293)
      '@deepseek-ai/dsh-typert-protocol': 0.1.0-rc.8(@deepseek-ai/cordis@4.0.1)(@deepseek-ai/dsh-invariants@0.1.0-rc.8(@deepseek-ai/cordis@4.0.1))
      zod: 4.4.3

  '@deepseek-ai/dsh-fs@0.1.0-rc.8(1064fbb0c59d8d623c7589d4715fffe1)':
    dependencies:
      '@deepseek-ai/cordis': 4.0.1
      '@deepseek-ai/dsh-brand': 0.1.0-rc.8(@deepseek-ai/cordis@4.0.1)(@deepseek-ai/dsh-invariants@0.1.0-rc.8(@deepseek-ai/cordis@4.0.1))
      '@deepseek-ai/dsh-invariants': 0.1.0-rc.8(@deepseek-ai/cordis@4.0.1)
      '@deepseek-ai/dsh-llm': 0.1.0-rc.8(@deepseek-ai/cordis@4.0.1)(@deepseek-ai/dsh-attachment@0.1.0-rc.8(@deepseek-ai/cordis@4.0.1)(@deepseek-ai/dsh-brand@0.1.0-rc.8(@deepseek-ai/cordis@4.0.1)(@deepseek-ai/dsh-invariants@0.1.0-rc.8(@deepseek-ai/cordis@4.0.1)))(@deepseek-ai/dsh-invariants@0.1.0-rc.8(@deepseek-ai/cordis@4.0.1)))(@deepseek-ai/dsh-brand@0.1.0-rc.8(@deepseek-ai/cordis@4.0.1)(@deepseek-ai/dsh-invariants@0.1.0-rc.8(@deepseek-ai/cordis@4.0.1)))(@deepseek-ai/dsh-invariants@0.1.0-rc.8(@deepseek-ai/cordis@4.0.1))(@deepseek-ai/dsh-timeout@0.1.0-rc.8(@deepseek-ai/cordis@4.0.1)(@deepseek-ai/dsh-invariants@0.1.0-rc.8(@deepseek-ai/cordis@4.0.1)))
      '@deepseek-ai/dsh-sandbox': 0.1.0-rc.8(@deepseek-ai/cordis@4.0.1)(@deepseek-ai/dsh-invariants@0.1.0-rc.8(@deepseek-ai/cordis@4.0.1))(@deepseek-ai/dsh-llm@0.1.0-rc.8(@deepseek-ai/cordis@4.0.1)(@deepseek-ai/dsh-attachment@0.1.0-rc.8(@deepseek-ai/cordis@4.0.1)(@deepseek-ai/dsh-brand@0.1.0-rc.8(@deepseek-ai/cordis@4.0.1)(@deepseek-ai/dsh-invariants@0.1.0-rc.8(@deepseek-ai/cordis@4.0.1)))(@deepseek-ai/dsh-invariants@0.1.0-rc.8(@deepseek-ai/cordis@4.0.1)))(@deepseek-ai/dsh-brand@0.1.0-rc.8(@deepseek-ai/cordis@4.0.1)(@deepseek-ai/dsh-invariants@0.1.0-rc.8(@deepseek-ai/cordis@4.0.1)))(@deepseek-ai/dsh-invariants@0.1.0-rc.8(@deepseek-ai/cordis@4.0.1))(@deepseek-ai/dsh-timeout@0.1.0-rc.8(@deepseek-ai/cordis@4.0.1)(@deepseek-ai/dsh-invariants@0.1.0-rc.8(@deepseek-ai/cordis@4.0.1))))(@deepseek-ai/dsh-session@0.1.0-rc.8(fbdb1d988541b64ff002d18c4ded7293))

  '@deepseek-ai/dsh-home-paths@0.1.0-rc.8(@deepseek-ai/cordis@4.0.1)(@deepseek-ai/dsh-invariants@0.1.0-rc.8(@deepseek-ai/cordis@4.0.1))':
    dependencies:
      '@deepseek-ai/cordis': 4.0.1
      '@deepseek-ai/dsh-invariants': 0.1.0-rc.8(@deepseek-ai/cordis@4.0.1)

  '@deepseek-ai/dsh-invariants@0.1.0-rc.8(@deepseek-ai/cordis@4.0.1)':
    dependencies:
      '@deepseek-ai/cordis': 4.0.1
      '@deepseek-ai/schemastery': 3.18.1

  '@deepseek-ai/dsh-llm@0.1.0-rc.8(@deepseek-ai/cordis@4.0.1)(@deepseek-ai/dsh-attachment@0.1.0-rc.8(@deepseek-ai/cordis@4.0.1)(@deepseek-ai/dsh-brand@0.1.0-rc.8(@deepseek-ai/cordis@4.0.1)(@deepseek-ai/dsh-invariants@0.1.0-rc.8(@deepseek-ai/cordis@4.0.1)))(@deepseek-ai/dsh-invariants@0.1.0-rc.8(@deepseek-ai/cordis@4.0.1)))(@deepseek-ai/dsh-brand@0.1.0-rc.8(@deepseek-ai/cordis@4.0.1)(@deepseek-ai/dsh-invariants@0.1.0-rc.8(@deepseek-ai/cordis@4.0.1)))(@deepseek-ai/dsh-invariants@0.1.0-rc.8(@deepseek-ai/cordis@4.0.1))(@deepseek-ai/dsh-timeout@0.1.0-rc.8(@deepseek-ai/cordis@4.0.1)(@deepseek-ai/dsh-invariants@0.1.0-rc.8(@deepseek-ai/cordis@4.0.1)))':
    dependencies:
      '@deepseek-ai/cordis': 4.0.1
      '@deepseek-ai/dsh-attachment': 0.1.0-rc.8(@deepseek-ai/cordis@4.0.1)(@deepseek-ai/dsh-brand@0.1.0-rc.8(@deepseek-ai/cordis@4.0.1)(@deepseek-ai/dsh-invariants@0.1.0-rc.8(@deepseek-ai/cordis@4.0.1)))(@deepseek-ai/dsh-invariants@0.1.0-rc.8(@deepseek-ai/cordis@4.0.1))
      '@deepseek-ai/dsh-brand': 0.1.0-rc.8(@deepseek-ai/cordis@4.0.1)(@deepseek-ai/dsh-invariants@0.1.0-rc.8(@deepseek-ai/cordis@4.0.1))
      '@deepseek-ai/dsh-invariants': 0.1.0-rc.8(@deepseek-ai/cordis@4.0.1)
      '@deepseek-ai/dsh-timeout': 0.1.0-rc.8(@deepseek-ai/cordis@4.0.1)(@deepseek-ai/dsh-invariants@0.1.0-rc.8(@deepseek-ai/cordis@4.0.1))
      '@deepseek-ai/schemastery': 3.18.1

  '@deepseek-ai/dsh-sandbox@0.1.0-rc.8(@deepseek-ai/cordis@4.0.1)(@deepseek-ai/dsh-invariants@0.1.0-rc.8(@deepseek-ai/cordis@4.0.1))(@deepseek-ai/dsh-llm@0.1.0-rc.8(@deepseek-ai/cordis@4.0.1)(@deepseek-ai/dsh-attachment@0.1.0-rc.8(@deepseek-ai/cordis@4.0.1)(@deepseek-ai/dsh-brand@0.1.0-rc.8(@deepseek-ai/cordis@4.0.1)(@deepseek-ai/dsh-invariants@0.1.0-rc.8(@deepseek-ai/cordis@4.0.1)))(@deepseek-ai/dsh-invariants@0.1.0-rc.8(@deepseek-ai/cordis@4.0.1)))(@deepseek-ai/dsh-brand@0.1.0-rc.8(@deepseek-ai/cordis@4.0.1)(@deepseek-ai/dsh-invariants@0.1.0-rc.8(@deepseek-ai/cordis@4.0.1)))(@deepseek-ai/dsh-invariants@0.1.0-rc.8(@deepseek-ai/cordis@4.0.1))(@deepseek-ai/dsh-timeout@0.1.0-rc.8(@deepseek-ai/cordis@4.0.1)(@deepseek-ai/dsh-invariants@0.1.0-rc.8(@deepseek-ai/cordis@4.0.1))))(@deepseek-ai/dsh-session@0.1.0-rc.8(fbdb1d988541b64ff002d18c4ded7293))':
    dependencies:
      '@deepseek-ai/cordis': 4.0.1
      '@deepseek-ai/dsh-invariants': 0.1.0-rc.8(@deepseek-ai/cordis@4.0.1)
      '@deepseek-ai/dsh-llm': 0.1.0-rc.8(@deepseek-ai/cordis@4.0.1)(@deepseek-ai/dsh-attachment@0.1.0-rc.8(@deepseek-ai/cordis@4.0.1)(@deepseek-ai/dsh-brand@0.1.0-rc.8(@deepseek-ai/cordis@4.0.1)(@deepseek-ai/dsh-invariants@0.1.0-rc.8(@deepseek-ai/cordis@4.0.1)))(@deepseek-ai/dsh-invariants@0.1.0-rc.8(@deepseek-ai/cordis@4.0.1)))(@deepseek-ai/dsh-brand@0.1.0-rc.8(@deepseek-ai/cordis@4.0.1)(@deepseek-ai/dsh-invariants@0.1.0-rc.8(@deepseek-ai/cordis@4.0.1)))(@deepseek-ai/dsh-invariants@0.1.0-rc.8(@deepseek-ai/cordis@4.0.1))(@deepseek-ai/dsh-timeout@0.1.0-rc.8(@deepseek-ai/cordis@4.0.1)(@deepseek-ai/dsh-invariants@0.1.0-rc.8(@deepseek-ai/cordis@4.0.1)))
      '@deepseek-ai/dsh-session': 0.1.0-rc.8(fbdb1d988541b64ff002d18c4ded7293)

  '@deepseek-ai/dsh-scope@0.1.0-rc.8(@deepseek-ai/cordis@4.0.1)(@deepseek-ai/dsh-invariants@0.1.0-rc.8(@deepseek-ai/cordis@4.0.1))':
    dependencies:
      '@deepseek-ai/cordis': 4.0.1
      '@deepseek-ai/dsh-invariants': 0.1.0-rc.8(@deepseek-ai/cordis@4.0.1)

  '@deepseek-ai/dsh-session@0.1.0-rc.8(fbdb1d988541b64ff002d18c4ded7293)':
    dependencies:
      '@deepseek-ai/cordis': 4.0.1
      '@deepseek-ai/dsh-brand': 0.1.0-rc.8(@deepseek-ai/cordis@4.0.1)(@deepseek-ai/dsh-invariants@0.1.0-rc.8(@deepseek-ai/cordis@4.0.1))
      '@deepseek-ai/dsh-invariants': 0.1.0-rc.8(@deepseek-ai/cordis@4.0.1)
      '@deepseek-ai/dsh-llm': 0.1.0-rc.8(@deepseek-ai/cordis@4.0.1)(@deepseek-ai/dsh-attachment@0.1.0-rc.8(@deepseek-ai/cordis@4.0.1)(@deepseek-ai/dsh-brand@0.1.0-rc.8(@deepseek-ai/cordis@4.0.1)(@deepseek-ai/dsh-invariants@0.1.0-rc.8(@deepseek-ai/cordis@4.0.1)))(@deepseek-ai/dsh-invariants@0.1.0-rc.8(@deepseek-ai/cordis@4.0.1)))(@deepseek-ai/dsh-brand@0.1.0-rc.8(@deepseek-ai/cordis@4.0.1)(@deepseek-ai/dsh-invariants@0.1.0-rc.8(@deepseek-ai/cordis@4.0.1)))(@deepseek-ai/dsh-invariants@0.1.0-rc.8(@deepseek-ai/cordis@4.0.1))(@deepseek-ai/dsh-timeout@0.1.0-rc.8(@deepseek-ai/cordis@4.0.1)(@deepseek-ai/dsh-invariants@0.1.0-rc.8(@deepseek-ai/cordis@4.0.1)))
      '@deepseek-ai/dsh-scope': 0.1.0-rc.8(@deepseek-ai/cordis@4.0.1)(@deepseek-ai/dsh-invariants@0.1.0-rc.8(@deepseek-ai/cordis@4.0.1))
      '@deepseek-ai/dsh-typert-protocol': 0.1.0-rc.8(@deepseek-ai/cordis@4.0.1)(@deepseek-ai/dsh-invariants@0.1.0-rc.8(@deepseek-ai/cordis@4.0.1))

  '@deepseek-ai/dsh-skill-filesystem@0.1.0-rc.8(a42ffd4995e94690e65d9f749f336425)':
    dependencies:
      '@deepseek-ai/cordis': 4.0.1
      '@deepseek-ai/dsh-fs': 0.1.0-rc.8(1064fbb0c59d8d623c7589d4715fffe1)
      '@deepseek-ai/dsh-home-paths': 0.1.0-rc.8(@deepseek-ai/cordis@4.0.1)(@deepseek-ai/dsh-invariants@0.1.0-rc.8(@deepseek-ai/cordis@4.0.1))
      '@deepseek-ai/dsh-invariants': 0.1.0-rc.8(@deepseek-ai/cordis@4.0.1)
      '@deepseek-ai/dsh-skill': 0.1.0-rc.8(@deepseek-ai/cordis@4.0.1)(@deepseek-ai/dsh-invariants@0.1.0-rc.8(@deepseek-ai/cordis@4.0.1))(@deepseek-ai/dsh-llm@0.1.0-rc.8(@deepseek-ai/cordis@4.0.1)(@deepseek-ai/dsh-attachment@0.1.0-rc.8(@deepseek-ai/cordis@4.0.1)(@deepseek-ai/dsh-brand@0.1.0-rc.8(@deepseek-ai/cordis@4.0.1)(@deepseek-ai/dsh-invariants@0.1.0-rc.8(@deepseek-ai/cordis@4.0.1)))(@deepseek-ai/dsh-invariants@0.1.0-rc.8(@deepseek-ai/cordis@4.0.1)))(@deepseek-ai/dsh-brand@0.1.0-rc.8(@deepseek-ai/cordis@4.0.1)(@deepseek-ai/dsh-invariants@0.1.0-rc.8(@deepseek-ai/cordis@4.0.1)))(@deepseek-ai/dsh-invariants@0.1.0-rc.8(@deepseek-ai/cordis@4.0.1))(@deepseek-ai/dsh-timeout@0.1.0-rc.8(@deepseek-ai/cordis@4.0.1)(@deepseek-ai/dsh-invariants@0.1.0-rc.8(@deepseek-ai/cordis@4.0.1))))(@deepseek-ai/dsh-scope@0.1.0-rc.8(@deepseek-ai/cordis@4.0.1)(@deepseek-ai/dsh-invariants@0.1.0-rc.8(@deepseek-ai/cordis@4.0.1)))
      '@deepseek-ai/schemastery': 3.18.1
      chokidar: 5.0.0
      yaml: 2.9.0

  '@deepseek-ai/dsh-skill@0.1.0-rc.8(@deepseek-ai/cordis@4.0.1)(@deepseek-ai/dsh-invariants@0.1.0-rc.8(@deepseek-ai/cordis@4.0.1))(@deepseek-ai/dsh-llm@0.1.0-rc.8(@deepseek-ai/cordis@4.0.1)(@deepseek-ai/dsh-attachment@0.1.0-rc.8(@deepseek-ai/cordis@4.0.1)(@deepseek-ai/dsh-brand@0.1.0-rc.8(@deepseek-ai/cordis@4.0.1)(@deepseek-ai/dsh-invariants@0.1.0-rc.8(@deepseek-ai/cordis@4.0.1)))(@deepseek-ai/dsh-invariants@0.1.0-rc.8(@deepseek-ai/cordis@4.0.1)))(@deepseek-ai/dsh-brand@0.1.0-rc.8(@deepseek-ai/cordis@4.0.1)(@deepseek-ai/dsh-invariants@0.1.0-rc.8(@deepseek-ai/cordis@4.0.1)))(@deepseek-ai/dsh-invariants@0.1.0-rc.8(@deepseek-ai/cordis@4.0.1))(@deepseek-ai/dsh-timeout@0.1.0-rc.8(@deepseek-ai/cordis@4.0.1)(@deepseek-ai/dsh-invariants@0.1.0-rc.8(@deepseek-ai/cordis@4.0.1))))(@deepseek-ai/dsh-scope@0.1.0-rc.8(@deepseek-ai/cordis@4.0.1)(@deepseek-ai/dsh-invariants@0.1.0-rc.8(@deepseek-ai/cordis@4.0.1)))':
    dependencies:
      '@deepseek-ai/cordis': 4.0.1
      '@deepseek-ai/dsh-invariants': 0.1.0-rc.8(@deepseek-ai/cordis@4.0.1)
      '@deepseek-ai/dsh-llm': 0.1.0-rc.8(@deepseek-ai/cordis@4.0.1)(@deepseek-ai/dsh-attachment@0.1.0-rc.8(@deepseek-ai/cordis@4.0.1)(@deepseek-ai/dsh-brand@0.1.0-rc.8(@deepseek-ai/cordis@4.0.1)(@deepseek-ai/dsh-invariants@0.1.0-rc.8(@deepseek-ai/cordis@4.0.1)))(@deepseek-ai/dsh-invariants@0.1.0-rc.8(@deepseek-ai/cordis@4.0.1)))(@deepseek-ai/dsh-brand@0.1.0-rc.8(@deepseek-ai/cordis@4.0.1)(@deepseek-ai/dsh-invariants@0.1.0-rc.8(@deepseek-ai/cordis@4.0.1)))(@deepseek-ai/dsh-invariants@0.1.0-rc.8(@deepseek-ai/cordis@4.0.1))(@deepseek-ai/dsh-timeout@0.1.0-rc.8(@deepseek-ai/cordis@4.0.1)(@deepseek-ai/dsh-invariants@0.1.0-rc.8(@deepseek-ai/cordis@4.0.1)))
      '@deepseek-ai/dsh-scope': 0.1.0-rc.8(@deepseek-ai/cordis@4.0.1)(@deepseek-ai/dsh-invariants@0.1.0-rc.8(@deepseek-ai/cordis@4.0.1))
      '@deepseek-ai/schemastery': 3.18.1

  '@deepseek-ai/dsh-system-prompt@0.1.0-rc.8(@deepseek-ai/cordis@4.0.1)(@deepseek-ai/dsh-invariants@0.1.0-rc.8(@deepseek-ai/cordis@4.0.1))(@deepseek-ai/dsh-llm@0.1.0-rc.8(@deepseek-ai/cordis@4.0.1)(@deepseek-ai/dsh-attachment@0.1.0-rc.8(@deepseek-ai/cordis@4.0.1)(@deepseek-ai/dsh-brand@0.1.0-rc.8(@deepseek-ai/cordis@4.0.1)(@deepseek-ai/dsh-invariants@0.1.0-rc.8(@deepseek-ai/cordis@4.0.1)))(@deepseek-ai/dsh-invariants@0.1.0-rc.8(@deepseek-ai/cordis@4.0.1)))(@deepseek-ai/dsh-brand@0.1.0-rc.8(@deepseek-ai/cordis@4.0.1)(@deepseek-ai/dsh-invariants@0.1.0-rc.8(@deepseek-ai/cordis@4.0.1)))(@deepseek-ai/dsh-invariants@0.1.0-rc.8(@deepseek-ai/cordis@4.0.1))(@deepseek-ai/dsh-timeout@0.1.0-rc.8(@deepseek-ai/cordis@4.0.1)(@deepseek-ai/dsh-invariants@0.1.0-rc.8(@deepseek-ai/cordis@4.0.1))))(@deepseek-ai/dsh-scope@0.1.0-rc.8(@deepseek-ai/cordis@4.0.1)(@deepseek-ai/dsh-invariants@0.1.0-rc.8(@deepseek-ai/cordis@4.0.1)))':
    dependencies:
      '@deepseek-ai/cordis': 4.0.1
      '@deepseek-ai/dsh-invariants': 0.1.0-rc.8(@deepseek-ai/cordis@4.0.1)
      '@deepseek-ai/dsh-llm': 0.1.0-rc.8(@deepseek-ai/cordis@4.0.1)(@deepseek-ai/dsh-attachment@0.1.0-rc.8(@deepseek-ai/cordis@4.0.1)(@deepseek-ai/dsh-brand@0.1.0-rc.8(@deepseek-ai/cordis@4.0.1)(@deepseek-ai/dsh-invariants@0.1.0-rc.8(@deepseek-ai/cordis@4.0.1)))(@deepseek-ai/dsh-invariants@0.1.0-rc.8(@deepseek-ai/cordis@4.0.1)))(@deepseek-ai/dsh-brand@0.1.0-rc.8(@deepseek-ai/cordis@4.0.1)(@deepseek-ai/dsh-invariants@0.1.0-rc.8(@deepseek-ai/cordis@4.0.1)))(@deepseek-ai/dsh-invariants@0.1.0-rc.8(@deepseek-ai/cordis@4.0.1))(@deepseek-ai/dsh-timeout@0.1.0-rc.8(@deepseek-ai/cordis@4.0.1)(@deepseek-ai/dsh-invariants@0.1.0-rc.8(@deepseek-ai/cordis@4.0.1)))
      '@deepseek-ai/dsh-scope': 0.1.0-rc.8(@deepseek-ai/cordis@4.0.1)(@deepseek-ai/dsh-invariants@0.1.0-rc.8(@deepseek-ai/cordis@4.0.1))
      '@deepseek-ai/schemastery': 3.18.1

  '@deepseek-ai/dsh-timeout@0.1.0-rc.8(@deepseek-ai/cordis@4.0.1)(@deepseek-ai/dsh-invariants@0.1.0-rc.8(@deepseek-ai/cordis@4.0.1))':
    dependencies:
      '@deepseek-ai/cordis': 4.0.1
      '@deepseek-ai/dsh-invariants': 0.1.0-rc.8(@deepseek-ai/cordis@4.0.1)

  '@deepseek-ai/dsh-typert-protocol@0.1.0-rc.8(@deepseek-ai/cordis@4.0.1)(@deepseek-ai/dsh-invariants@0.1.0-rc.8(@deepseek-ai/cordis@4.0.1))':
    dependencies:
      '@deepseek-ai/cordis': 4.0.1
      '@deepseek-ai/dsh-invariants': 0.1.0-rc.8(@deepseek-ai/cordis@4.0.1)

  '@deepseek-ai/schemastery@3.18.1':
    dependencies:
      '@deepseek-ai/cosmokit': 1.8.2
      '@standard-schema/spec': 1.1.0

  '@oxlint/binding-android-arm-eabi@1.76.0':
    optional: true

  '@oxlint/binding-android-arm64@1.76.0':
    optional: true

  '@oxlint/binding-darwin-arm64@1.76.0':
    optional: true

  '@oxlint/binding-darwin-x64@1.76.0':
    optional: true

  '@oxlint/binding-freebsd-x64@1.76.0':
    optional: true

  '@oxlint/binding-linux-arm-gnueabihf@1.76.0':
    optional: true

  '@oxlint/binding-linux-arm-musleabihf@1.76.0':
    optional: true

  '@oxlint/binding-linux-arm64-gnu@1.76.0':
    optional: true

  '@oxlint/binding-linux-arm64-musl@1.76.0':
    optional: true

  '@oxlint/binding-linux-ppc64-gnu@1.76.0':
    optional: true

  '@oxlint/binding-linux-riscv64-gnu@1.76.0':
    optional: true

  '@oxlint/binding-linux-riscv64-musl@1.76.0':
    optional: true

  '@oxlint/binding-linux-s390x-gnu@1.76.0':
    optional: true

  '@oxlint/binding-linux-x64-gnu@1.76.0':
    optional: true

  '@oxlint/binding-linux-x64-musl@1.76.0':
    optional: true

  '@oxlint/binding-openharmony-arm64@1.76.0':
    optional: true

  '@oxlint/binding-win32-arm64-msvc@1.76.0':
    optional: true

  '@oxlint/binding-win32-ia32-msvc@1.76.0':
    optional: true

  '@oxlint/binding-win32-x64-msvc@1.76.0':
    optional: true

  '@standard-schema/spec@1.1.0': {}

  '@types/node@26.2.0':
    dependencies:
      undici-types: 8.3.0

  chokidar@5.0.0:
    dependencies:
      readdirp: 5.1.1

  oxlint@1.76.0:
    optionalDependencies:
      '@oxlint/binding-android-arm-eabi': 1.76.0
      '@oxlint/binding-android-arm64': 1.76.0
      '@oxlint/binding-darwin-arm64': 1.76.0
      '@oxlint/binding-darwin-x64': 1.76.0
      '@oxlint/binding-freebsd-x64': 1.76.0
      '@oxlint/binding-linux-arm-gnueabihf': 1.76.0
      '@oxlint/binding-linux-arm-musleabihf': 1.76.0
      '@oxlint/binding-linux-arm64-gnu': 1.76.0
      '@oxlint/binding-linux-arm64-musl': 1.76.0
      '@oxlint/binding-linux-ppc64-gnu': 1.76.0
      '@oxlint/binding-linux-riscv64-gnu': 1.76.0
      '@oxlint/binding-linux-riscv64-musl': 1.76.0
      '@oxlint/binding-linux-s390x-gnu': 1.76.0
      '@oxlint/binding-linux-x64-gnu': 1.76.0
      '@oxlint/binding-linux-x64-musl': 1.76.0
      '@oxlint/binding-openharmony-arm64': 1.76.0
      '@oxlint/binding-win32-arm64-msvc': 1.76.0
      '@oxlint/binding-win32-ia32-msvc': 1.76.0
      '@oxlint/binding-win32-x64-msvc': 1.76.0

  readdirp@5.1.1: {}

  typescript@6.0.3: {}

  undici-types@8.3.0: {}

  yaml@2.9.0: {}

  zod@4.4.3: {}
